{
  "nodes": {
    "fenix": {
      "inputs": {
        "nixpkgs": [
          "nixpkgs"
        ],
        "rust-analyzer-src": "rust-analyzer-src"
      },
      "locked": {
        "lastModified": 1655101707,
        "narHash": "sha256-FGpLyApAr9d7kOpEGZa56Cv6BVsZmrOY963OK2t4HDs=",
        "owner": "nix-community",
        "repo": "fenix",
        "rev": "f90a687d4f8a29ed1774f482a5fc9d8409687a43",
        "type": "github"
      },
      "original": {
        "owner": "nix-community",
        "repo": "fenix",
        "type": "github"
      }
    },
    "nixlib": {
      "locked": {
        "lastModified": 1636849918,
        "narHash": "sha256-nzUK6dPcTmNVrgTAC1EOybSMsrcx+QrVPyqRdyKLkjA=",
        "owner": "nix-community",
        "repo": "nixpkgs.lib",
        "rev": "28a5b0557f14124608db68d3ee1f77e9329e9dd5",
        "type": "github"
      },
      "original": {
        "owner": "nix-community",
        "repo": "nixpkgs.lib",
        "type": "github"
      }
    },
    "nixos-2105": {
      "locked": {
        "lastModified": 1645296114,
        "narHash": "sha256-y53N7TyIkXsjMpOG7RhvqJFGDacLs9HlyHeSTBioqYU=",
        "owner": "NixOS",
        "repo": "nixpkgs",
        "rev": "530a53dcbc9437363471167a5e4762c5fcfa34a1",
        "type": "github"
      },
      "original": {
        "owner": "NixOS",
        "ref": "nixos-21.05",
        "repo": "nixpkgs",
        "type": "github"
      }
    },
    "nixos-generators": {
      "inputs": {
        "nixlib": "nixlib",
        "nixpkgs": [
          "nixpkgs"
        ]
      },
      "locked": {
        "lastModified": 1653339081,
        "narHash": "sha256-dpim9Mtd57Yj6qt7p7UKwjWm6NnOU3S7jaEyEscSyPE=",
        "owner": "nix-community",
        "repo": "nixos-generators",
        "rev": "fb3ee0f618b8c80dea1239691b15dfeb4bb46331",
        "type": "github"
      },
      "original": {
        "owner": "nix-community",
        "repo": "nixos-generators",
        "type": "github"
      }
    },
    "nixpkgs": {
      "locked": {
        "lastModified": 1655034456,
        "narHash": "sha256-HXXyvGqZLa+2u8IPIRm/uNQiw+gBtTNu58YaXMJtKRc=",
        "owner": "NixOS",
        "repo": "nixpkgs",
        "rev": "72b1ec0a79b1fc50f6cc0694c2f0b1eb384a932e",
        "type": "github"
      },
      "original": {
        "owner": "NixOS",
        "ref": "nixpkgs-unstable",
        "repo": "nixpkgs",
        "type": "github"
      }
    },
    "nixpkgs-with-kicad5": {
      "locked": {
        "lastModified": 1640029233,
        "narHash": "sha256-fQv3yVpaBOqnlxQyazSgITvbE9Bqf90l4+IMvjCg0iw=",
        "owner": "NixOS",
        "repo": "nixpkgs",
        "rev": "89f196fe781c53cb50fef61d3063fa5e8d61b6e5",
        "type": "github"
      },
      "original": {
        "owner": "NixOS",
        "repo": "nixpkgs",
        "rev": "89f196fe781c53cb50fef61d3063fa5e8d61b6e5",
        "type": "github"
      }
    },
    "root": {
      "inputs": {
        "fenix": "fenix",
        "nixos-2105": "nixos-2105",
        "nixos-generators": "nixos-generators",
        "nixpkgs": "nixpkgs",
        "nixpkgs-with-kicad5": "nixpkgs-with-kicad5"
      }
    },
    "rust-analyzer-src": {
      "flake": false,
      "locked": {
        "lastModified": 1655055355,
        "narHash": "sha256-IArOOdvfz+864Rs7fgHolfYfcjYTlvWebeEsJgnfyqI=",
        "owner": "rust-lang",
        "repo": "rust-analyzer",
        "rev": "366bd7242ed00c65f293497a26eb81c7510ac682",
        "type": "github"
      },
      "original": {
        "owner": "rust-lang",
        "ref": "nightly",
        "repo": "rust-analyzer",
        "type": "github"
      }
    }
  },
  "root": "root",
  "version": 7
}
