{
  "nodes": {
    "fenix": {
      "inputs": {
        "nixpkgs": [
          "nixpkgs"
        ],
        "rust-analyzer-src": "rust-analyzer-src"
      },
      "locked": {
        "lastModified": 1685514167,
        "narHash": "sha256-urRxF0ZGSNeZjM4kALNg3wTh7fBscbqQmS6S/HU7Wms=",
        "owner": "nix-community",
        "repo": "fenix",
        "rev": "3abfea51663583186f687c49a157eab1639349ca",
        "type": "github"
      },
      "original": {
        "owner": "nix-community",
        "repo": "fenix",
        "type": "github"
      }
    },
    "naersk": {
      "inputs": {
        "nixpkgs": [
          "nixpkgs"
        ]
      },
      "locked": {
        "lastModified": 1679567394,
        "narHash": "sha256-ZvLuzPeARDLiQUt6zSZFGOs+HZmE+3g4QURc8mkBsfM=",
        "owner": "nix-community",
        "repo": "naersk",
        "rev": "88cd22380154a2c36799fe8098888f0f59861a15",
        "type": "github"
      },
      "original": {
        "owner": "nix-community",
        "repo": "naersk",
        "type": "github"
      }
    },
    "nixlib": {
      "locked": {
        "lastModified": 1681001314,
        "narHash": "sha256-5sDnCLdrKZqxLPK4KA8+f4A3YKO/u6ElpMILvX0g72c=",
        "owner": "nix-community",
        "repo": "nixpkgs.lib",
        "rev": "367c0e1086a4eb4502b24d872cea2c7acdd557f4",
        "type": "github"
      },
      "original": {
        "owner": "nix-community",
        "repo": "nixpkgs.lib",
        "type": "github"
      }
    },
    "nixos-generators": {
      "inputs": {
        "nixlib": "nixlib",
        "nixpkgs": [
          "nixpkgs"
        ]
      },
      "locked": {
        "lastModified": 1685446848,
        "narHash": "sha256-vEU1jynjDXwOJESHeJyABqbY/Y+DoihZq9iDVtYgrMg=",
        "owner": "nix-community",
        "repo": "nixos-generators",
        "rev": "b6114e214e5b546c4cceccd33ee6b72294a76b60",
        "type": "github"
      },
      "original": {
        "owner": "nix-community",
        "repo": "nixos-generators",
        "type": "github"
      }
    },
    "nixos-shell": {
      "inputs": {
        "nixpkgs": [
          "nixpkgs"
        ]
      },
      "locked": {
        "lastModified": 1683035198,
        "narHash": "sha256-5hHkokfSY3Z4VqjNm/j564l9Bgynw5H5McX0hTruGoI=",
        "owner": "Mic92",
        "repo": "nixos-shell",
        "rev": "2cb76875e501eccb012625546864dd0085750843",
        "type": "github"
      },
      "original": {
        "owner": "Mic92",
        "repo": "nixos-shell",
        "type": "github"
      }
    },
    "nixpkgs": {
      "locked": {
        "lastModified": 1685498995,
        "narHash": "sha256-rdyjnkq87tJp+T2Bm1OD/9NXKSsh/vLlPeqCc/mm7qs=",
        "owner": "NixOS",
        "repo": "nixpkgs",
        "rev": "9cfaa8a1a00830d17487cb60a19bb86f96f09b27",
        "type": "github"
      },
      "original": {
        "owner": "NixOS",
        "ref": "nixpkgs-unstable",
        "repo": "nixpkgs",
        "type": "github"
      }
    },
    "root": {
      "inputs": {
        "fenix": "fenix",
        "naersk": "naersk",
        "nixos-generators": "nixos-generators",
        "nixos-shell": "nixos-shell",
        "nixpkgs": "nixpkgs"
      }
    },
    "rust-analyzer-src": {
      "flake": false,
      "locked": {
        "lastModified": 1685465261,
        "narHash": "sha256-aJ2nUinUrNcFi+pb47bS5IIAeSiUEEPLJY8W4Q8Pcjk=",
        "owner": "rust-lang",
        "repo": "rust-analyzer",
        "rev": "d2b3caa5b5694125fad04a9699e919444439f6a2",
        "type": "github"
      },
      "original": {
        "owner": "rust-lang",
        "ref": "nightly",
        "repo": "rust-analyzer",
        "type": "github"
      }
    }
  },
  "root": "root",
  "version": 7
}
